version = 1
revision = 3
requires-python = ">=3.13"

[[package]]
name = "aiofile"
version = "3.11.1"
source = { registry = "https://pypi.org/simple" }
dependencies = [
    { name = "caio" },
]
sdist = { url = "https://files.pythonhosted.org/packages/48/41/2fea7e193e061ce54eacc3b7bc0e6a99e4fcff43c78cf0a76dd781ed8334/aiofile-3.11.1.tar.gz", hash = "sha256:1f91912c6643d2a4e49ca4ae3514f0bf3867ce948a36d99a6411b8f4755f4cf9", size = 19342, upload-time = "2026-05-16T08:18:33.538Z" }
wheels = [
    { url = "https://files.pythonhosted.org/packages/67/cd/0d76dfc5de72bde52f55f53e925c7d152d9c7906634ec1e0cbc7e8d4ad93/aiofile-3.11.1-py3-none-any.whl", hash = "sha256:ce77d14ac07f77bc2b757834a5c129321f3f705c474593deed5ab209079a52c9", size = 20446, upload-time = "2026-05-16T08:18:32.051Z" },
]

[[package]]
name = "bad-grep"
version = "0.1.0"
source = { virtual = "." }
dependencies = [
    { name = "aiofile" },
]

[package.metadata]
requires-dist = [{ name = "aiofile", specifier = ">=3.11.1" }]

[[package]]
name = "caio"
version = "0.9.25"
source = { registry = "https://pypi.org/simple" }
sdist = { url = "https://files.pythonhosted.org/packages/92/88/b8527e1b00c1811db339a1df8bd1ae49d146fcea9d6a5c40e3a80aaeb38d/caio-0.9.25.tar.gz", hash = "sha256:16498e7f81d1d0f5a4c0ad3f2540e65fe25691376e0a5bd367f558067113ed10", size = 26781, upload-time = "2025-12-26T15:21:36.501Z" }
wheels = [
    { url = "https://files.pythonhosted.org/packages/31/57/5e6ff127e6f62c9f15d989560435c642144aa4210882f9494204bc892305/caio-0.9.25-cp313-cp313-macosx_10_13_universal2.whl", hash = "sha256:d6c2a3411af97762a2b03840c3cec2f7f728921ff8adda53d7ea2315a8563451", size = 36979, upload-time = "2025-12-26T15:21:35.484Z" },
    { url = "https://files.pythonhosted.org/packages/a3/9f/f21af50e72117eb528c422d4276cbac11fb941b1b812b182e0a9c70d19c5/caio-0.9.25-cp313-cp313-manylinux2010_x86_64.manylinux2014_x86_64.manylinux_2_12_x86_64.manylinux_2_17_x86_64.whl", hash = "sha256:0998210a4d5cd5cb565b32ccfe4e53d67303f868a76f212e002a8554692870e6", size = 81900, upload-time = "2025-12-26T15:22:21.919Z" },
    { url = "https://files.pythonhosted.org/packages/9c/12/c39ae2a4037cb10ad5eb3578eb4d5f8c1a2575c62bba675f3406b7ef0824/caio-0.9.25-cp313-cp313-manylinux_2_34_aarch64.whl", hash = "sha256:1a177d4777141b96f175fe2c37a3d96dec7911ed9ad5f02bac38aaa1c936611f", size = 81523, upload-time = "2026-03-04T22:08:25.187Z" },
    { url = "https://files.pythonhosted.org/packages/22/59/f8f2e950eb4f1a5a3883e198dca514b9d475415cb6cd7b78b9213a0dd45a/caio-0.9.25-cp313-cp313-manylinux_2_34_x86_64.whl", hash = "sha256:9ed3cfb28c0e99fec5e208c934e5c157d0866aa9c32aa4dc5e9b6034af6286b7", size = 80243, upload-time = "2026-03-04T22:08:26.449Z" },
    { url = "https://files.pythonhosted.org/packages/69/ca/a08fdc7efdcc24e6a6131a93c85be1f204d41c58f474c42b0670af8c016b/caio-0.9.25-cp314-cp314-macosx_10_15_universal2.whl", hash = "sha256:fab6078b9348e883c80a5e14b382e6ad6aabbc4429ca034e76e730cf464269db", size = 36978, upload-time = "2025-12-26T15:21:41.055Z" },
    { url = "https://files.pythonhosted.org/packages/5e/6c/d4d24f65e690213c097174d26eda6831f45f4734d9d036d81790a27e7b78/caio-0.9.25-cp314-cp314-manylinux2010_x86_64.manylinux2014_x86_64.manylinux_2_12_x86_64.manylinux_2_17_x86_64.whl", hash = "sha256:44a6b58e52d488c75cfaa5ecaa404b2b41cc965e6c417e03251e868ecd5b6d77", size = 81832, upload-time = "2025-12-26T15:22:22.757Z" },
    { url = "https://files.pythonhosted.org/packages/87/a4/e534cf7d2d0e8d880e25dd61e8d921ffcfe15bd696734589826f5a2df727/caio-0.9.25-cp314-cp314-manylinux_2_34_aarch64.whl", hash = "sha256:628a630eb7fb22381dd8e3c8ab7f59e854b9c806639811fc3f4310c6bd711d79", size = 81565, upload-time = "2026-03-04T22:08:27.483Z" },
    { url = "https://files.pythonhosted.org/packages/3f/ed/bf81aeac1d290017e5e5ac3e880fd56ee15e50a6d0353986799d1bc5cfd5/caio-0.9.25-cp314-cp314-manylinux_2_34_x86_64.whl", hash = "sha256:0ba16aa605ccb174665357fc729cf500679c2d94d5f1458a6f0d5ca48f2060a7", size = 80071, upload-time = "2026-03-04T22:08:28.751Z" },
    { url = "https://files.pythonhosted.org/packages/86/93/1f76c8d1bafe3b0614e06b2195784a3765bbf7b0a067661af9e2dd47fc33/caio-0.9.25-py3-none-any.whl", hash = "sha256:06c0bb02d6b929119b1cfbe1ca403c768b2013a369e2db46bfa2a5761cf82e40", size = 19087, upload-time = "2025-12-26T15:22:00.221Z" },
]
